{
    "version": 3,
    "terraform_version": "0.11.1",
    "serial": 10,
    "lineage": "416c0cab-9d2c-4d67-9503-d4d50f961b0c",
    "modules": [
        {
            "path": [
                "root"
            ],
            "outputs": {},
            "resources": {
                "aws_instance.web": {
                    "type": "aws_instance",
                    "depends_on": [
                        "aws_key_pair.sujit-key"
                    ],
                    "primary": {
                        "id": "i-0af48950634eea7b1",
                        "attributes": {
                            "ami": "ami-6871a115",
                            "associate_public_ip_address": "true",
                            "availability_zone": "us-east-1c",
                            "credit_specification.#": "1",
                            "credit_specification.0.cpu_credits": "standard",
                            "disable_api_termination": "false",
                            "ebs_block_device.#": "0",
                            "ebs_optimized": "false",
                            "ephemeral_block_device.#": "0",
                            "get_password_data": "false",
                            "iam_instance_profile": "",
                            "id": "i-0af48950634eea7b1",
                            "instance_state": "running",
                            "instance_type": "t2.micro",
                            "ipv6_addresses.#": "0",
                            "key_name": "sujit-key",
                            "monitoring": "false",
                            "network_interface.#": "0",
                            "network_interface_id": "eni-ec9be8f9",
                            "password_data": "",
                            "placement_group": "",
                            "primary_network_interface_id": "eni-ec9be8f9",
                            "private_dns": "ip-172-31-92-5.ec2.internal",
                            "private_ip": "172.31.92.5",
                            "public_dns": "ec2-18-204-207-31.compute-1.amazonaws.com",
                            "public_ip": "18.204.207.31",
                            "root_block_device.#": "1",
                            "root_block_device.0.delete_on_termination": "true",
                            "root_block_device.0.iops": "100",
                            "root_block_device.0.volume_id": "vol-0f06566d9efb9566d",
                            "root_block_device.0.volume_size": "10",
                            "root_block_device.0.volume_type": "gp2",
                            "security_groups.#": "1",
                            "security_groups.3814588639": "default",
                            "source_dest_check": "true",
                            "subnet_id": "subnet-65c5364b",
                            "tags.%": "1",
                            "tags.Name": "HelloWorld",
                            "tenancy": "default",
                            "volume_tags.%": "0",
                            "vpc_security_group_ids.#": "1",
                            "vpc_security_group_ids.2589673228": "sg-ccf73984"
                        },
                        "meta": {
                            "e2bfb730-ecaa-11e6-8f88-34363bc7c4c0": {
                                "create": 600000000000,
                                "delete": 1200000000000,
                                "update": 600000000000
                            },
                            "schema_version": "1"
                        },
                        "tainted": false
                    },
                    "deposed": [],
                    "provider": "provider.aws"
                },
                "aws_key_pair.sujit-key": {
                    "type": "aws_key_pair",
                    "depends_on": [],
                    "primary": {
                        "id": "sujit-key",
                        "attributes": {
                            "fingerprint": "8f:15:fa:b4:05:54:a1:8d:c2:48:71:bb:18:e4:18:e8",
                            "id": "sujit-key",
                            "key_name": "sujit-key",
                            "public_key": "ssh-rsa AAAAB3NzaC1yc2EAAAADAQABAAABAQDhPTkh3KTvbXYUwqtxhwp/SLqMcSqEuebmvC3ovS0tknZCLfsaF59uJqYqcVFQ8QgcSOu9+BuLe2wfuyMxeGse3KoX+1Cc5c8FTlHrX905Lo+mqKW9MuABtDAzhG+PdKDASlfhYYyYN35dMmncmK/0HnwoJHHhgGSEMQ7H7zpCgaxF+wb242HgBwoxmUsyROJmhme0FWDS+Z4rHoNYSJtL9GditkhIBlWdnw8mydYSwAI3Stx/Fw/2qbYcjLWEq7/wXKkYH5cZ248B4JXSRiaVhDb5IBeV7B6ee3bLRQUGe997deWiKSm8a+5yC+2dFhvVBuHWf28cVYgSISXsd+SP root@localhost.localdomain"
                        },
                        "meta": {
                            "schema_version": "1"
                        },
                        "tainted": false
                    },
                    "deposed": [],
                    "provider": "provider.aws"
                },
                "aws_security_group.Configured": {
                    "type": "aws_security_group",
                    "depends_on": [],
                    "primary": {
                        "id": "sg-0863e543",
                        "attributes": {
                            "arn": "arn:aws:ec2:us-east-1:169048987059:security-group/sg-0863e543",
                            "description": "Dont allow all inbound traffic",
                            "egress.#": "1",
                            "egress.482069346.cidr_blocks.#": "1",
                            "egress.482069346.cidr_blocks.0": "0.0.0.0/0",
                            "egress.482069346.description": "",
                            "egress.482069346.from_port": "0",
                            "egress.482069346.ipv6_cidr_blocks.#": "0",
                            "egress.482069346.prefix_list_ids.#": "0",
                            "egress.482069346.protocol": "-1",
                            "egress.482069346.security_groups.#": "0",
                            "egress.482069346.self": "false",
                            "egress.482069346.to_port": "0",
                            "id": "sg-0863e543",
                            "ingress.#": "2",
                            "ingress.2214680975.cidr_blocks.#": "1",
                            "ingress.2214680975.cidr_blocks.0": "0.0.0.0/0",
                            "ingress.2214680975.description": "",
                            "ingress.2214680975.from_port": "80",
                            "ingress.2214680975.ipv6_cidr_blocks.#": "0",
                            "ingress.2214680975.protocol": "tcp",
                            "ingress.2214680975.security_groups.#": "0",
                            "ingress.2214680975.self": "false",
                            "ingress.2214680975.to_port": "80",
                            "ingress.2541437006.cidr_blocks.#": "1",
                            "ingress.2541437006.cidr_blocks.0": "0.0.0.0/0",
                            "ingress.2541437006.description": "",
                            "ingress.2541437006.from_port": "22",
                            "ingress.2541437006.ipv6_cidr_blocks.#": "0",
                            "ingress.2541437006.protocol": "tcp",
                            "ingress.2541437006.security_groups.#": "0",
                            "ingress.2541437006.self": "false",
                            "ingress.2541437006.to_port": "22",
                            "name": "Sujit Terraform",
                            "owner_id": "169048987059",
                            "revoke_rules_on_delete": "false",
                            "tags.%": "0",
                            "vpc_id": "vpc-fcfedf87"
                        },
                        "meta": {
                            "e2bfb730-ecaa-11e6-8f88-34363bc7c4c0": {
                                "create": 600000000000,
                                "delete": 600000000000
                            },
                            "schema_version": "1"
                        },
                        "tainted": false
                    },
                    "deposed": [],
                    "provider": "provider.aws"
                }
            },
            "depends_on": []
        }
    ]
}
